// !$*UTF8*$!
{
	archiveVersion = 1;
	classes = {
	};
	objectVersion = 55;
	objects = {

/* Begin PBXBuildFile section */
		6949A48D2789821700696E6A /* AppDelegate.swift in Sources */ = {isa = PBXBuildFile; fileRef = 6949A48C2789821700696E6A /* AppDelegate.swift */; };
		6949A48F2789821700696E6A /* SceneDelegate.swift in Sources */ = {isa = PBXBuildFile; fileRef = 6949A48E2789821700696E6A /* SceneDelegate.swift */; };
		6949A4912789821700696E6A /* ViewController.swift in Sources */ = {isa = PBXBuildFile; fileRef = 6949A4902789821700696E6A /* ViewController.swift */; };
		6949A4942789821700696E6A /* Main.storyboard in Resources */ = {isa = PBXBuildFile; fileRef = 6949A4922789821700696E6A /* Main.storyboard */; };
		6949A4962789821900696E6A /* Assets.xcassets in Resources */ = {isa = PBXBuildFile; fileRef = 6949A4952789821900696E6A /* Assets.xcassets */; };
		6949A4992789821900696E6A /* LaunchScreen.storyboard in Resources */ = {isa = PBXBuildFile; fileRef = 6949A4972789821900696E6A /* LaunchScreen.storyboard */; };
		69E18601278AC978004E5267 /* NewExploreViewController.swift in Sources */ = {isa = PBXBuildFile; fileRef = 69E18600278AC978004E5267 /* NewExploreViewController.swift */; };
		69E18604278ACC7D004E5267 /* OldExploreViewController.swift in Sources */ = {isa = PBXBuildFile; fileRef = 69E18603278ACC7D004E5267 /* OldExploreViewController.swift */; };
		69F33AF4278D3B3C00461105 /* Default_UICollectionView.png in Resources */ = {isa = PBXBuildFile; fileRef = 69F33AEF278D3B3C00461105 /* Default_UICollectionView.png */; };
		69F33AF5278D3B3C00461105 /* Instagram_Explore_.png in Resources */ = {isa = PBXBuildFile; fileRef = 69F33AF0278D3B3C00461105 /* Instagram_Explore_.png */; };
		69F33AF6278D3B3C00461105 /* Instagram_Explore.png in Resources */ = {isa = PBXBuildFile; fileRef = 69F33AF1278D3B3C00461105 /* Instagram_Explore.png */; };
		69F33AF7278D3B3C00461105 /* Default.png in Resources */ = {isa = PBXBuildFile; fileRef = 69F33AF2278D3B3C00461105 /* Default.png */; };
		69F33AF8278D3B3C00461105 /* Instagram_Exlore_new.png in Resources */ = {isa = PBXBuildFile; fileRef = 69F33AF3278D3B3C00461105 /* Instagram_Exlore_new.png */; };
/* End PBXBuildFile section */

/* Begin PBXFileReference section */
		6949A4892789821700696E6A /* CollectionViewDemo.app */ = {isa = PBXFileReference; explicitFileType = wrapper.application; includeInIndex = 0; path = CollectionViewDemo.app; sourceTree = BUILT_PRODUCTS_DIR; };
		6949A48C2789821700696E6A /* AppDelegate.swift */ = {isa = PBXFileReference; lastKnownFileType = sourcecode.swift; path = AppDelegate.swift; sourceTree = "<group>"; };
		6949A48E2789821700696E6A /* SceneDelegate.swift */ = {isa = PBXFileReference; lastKnownFileType = sourcecode.swift; path = SceneDelegate.swift; sourceTree = "<group>"; };
		6949A4902789821700696E6A /* ViewController.swift */ = {isa = PBXFileReference; lastKnownFileType = sourcecode.swift; path = ViewController.swift; sourceTree = "<group>"; };
		6949A4932789821700696E6A /* Base */ = {isa = PBXFileReference; lastKnownFileType = file.storyboard; name = Base; path = Base.lproj/Main.storyboard; sourceTree = "<group>"; };
		6949A4952789821900696E6A /* Assets.xcassets */ = {isa = PBXFileReference; lastKnownFileType = folder.assetcatalog; path = Assets.xcassets; sourceTree = "<group>"; };
		6949A4982789821900696E6A /* Base */ = {isa = PBXFileReference; lastKnownFileType = file.storyboard; name = Base; path = Base.lproj/LaunchScreen.storyboard; sourceTree = "<group>"; };
		6949A49A2789821900696E6A /* Info.plist */ = {isa = PBXFileReference; lastKnownFileType = text.plist.xml; path = Info.plist; sourceTree = "<group>"; };
		69E18600278AC978004E5267 /* NewExploreViewController.swift */ = {isa = PBXFileReference; lastKnownFileType = sourcecode.swift; path = NewExploreViewController.swift; sourceTree = "<group>"; };
		69E18603278ACC7D004E5267 /* OldExploreViewController.swift */ = {isa = PBXFileReference; lastKnownFileType = sourcecode.swift; path = OldExploreViewController.swift; sourceTree = "<group>"; };
		69F33AEF278D3B3C00461105 /* Default_UICollectionView.png */ = {isa = PBXFileReference; lastKnownFileType = image.png; path = Default_UICollectionView.png; sourceTree = "<group>"; };
		69F33AF0278D3B3C00461105 /* Instagram_Explore_.png */ = {isa = PBXFileReference; lastKnownFileType = image.png; path = Instagram_Explore_.png; sourceTree = "<group>"; };
		69F33AF1278D3B3C00461105 /* Instagram_Explore.png */ = {isa = PBXFileReference; lastKnownFileType = image.png; path = Instagram_Explore.png; sourceTree = "<group>"; };
		69F33AF2278D3B3C00461105 /* Default.png */ = {isa = PBXFileReference; lastKnownFileType = image.png; path = Default.png; sourceTree = "<group>"; };
		69F33AF3278D3B3C00461105 /* Instagram_Exlore_new.png */ = {isa = PBXFileReference; lastKnownFileType = image.png; path = Instagram_Exlore_new.png; sourceTree = "<group>"; };
/* End PBXFileReference section */

/* Begin PBXFrameworksBuildPhase section */
		6949A4862789821700696E6A /* Frameworks */ = {
			isa = PBXFrameworksBuildPhase;
			buildActionMask = 2147483647;
			files = (
			);
			runOnlyForDeploymentPostprocessing = 0;
		};
/* End PBXFrameworksBuildPhase section */

/* Begin PBXGroup section */
		6949A4802789821700696E6A = {
			isa = PBXGroup;
			children = (
				6949A48B2789821700696E6A /* CollectionViewDemo */,
				6949A48A2789821700696E6A /* Products */,
			);
			sourceTree = "<group>";
		};
		6949A48A2789821700696E6A /* Products */ = {
			isa = PBXGroup;
			children = (
				6949A4892789821700696E6A /* CollectionViewDemo.app */,
			);
			name = Products;
			sourceTree = "<group>";
		};
		6949A48B2789821700696E6A /* CollectionViewDemo */ = {
			isa = PBXGroup;
			children = (
				69F33AE4278D3AED00461105 /* screenshots */,
				69E18602278AC980004E5267 /* ViewController */,
				6949A48C2789821700696E6A /* AppDelegate.swift */,
				6949A48E2789821700696E6A /* SceneDelegate.swift */,
				6949A4922789821700696E6A /* Main.storyboard */,
				6949A4952789821900696E6A /* Assets.xcassets */,
				6949A4972789821900696E6A /* LaunchScreen.storyboard */,
				6949A49A2789821900696E6A /* Info.plist */,
			);
			path = CollectionViewDemo;
			sourceTree = "<group>";
		};
		69E18602278AC980004E5267 /* ViewController */ = {
			isa = PBXGroup;
			children = (
				6949A4902789821700696E6A /* ViewController.swift */,
				69E18600278AC978004E5267 /* NewExploreViewController.swift */,
				69E18603278ACC7D004E5267 /* OldExploreViewController.swift */,
			);
			path = ViewController;
			sourceTree = "<group>";
		};
		69F33AE4278D3AED00461105 /* screenshots */ = {
			isa = PBXGroup;
			children = (
				69F33AEF278D3B3C00461105 /* Default_UICollectionView.png */,
				69F33AF2278D3B3C00461105 /* Default.png */,
				69F33AF3278D3B3C00461105 /* Instagram_Exlore_new.png */,
				69F33AF0278D3B3C00461105 /* Instagram_Explore_.png */,
				69F33AF1278D3B3C00461105 /* Instagram_Explore.png */,
			);
			path = screenshots;
			sourceTree = "<group>";
		};
/* End PBXGroup section */

/* Begin PBXNativeTarget section */
		6949A4882789821700696E6A /* CollectionViewDemo */ = {
			isa = PBXNativeTarget;
			buildConfigurationList = 6949A49D2789821900696E6A /* Build configuration list for PBXNativeTarget "CollectionViewDemo" */;
			buildPhases = (
				6949A4852789821700696E6A /* Sources */,
				6949A4862789821700696E6A /* Frameworks */,
				6949A4872789821700696E6A /* Resources */,
			);
			buildRules = (
			);
			dependencies = (
			);
			name = CollectionViewDemo;
			productName = CollectionViewDemo;
			productReference = 6949A4892789821700696E6A /* CollectionViewDemo.app */;
			productType = "com.apple.product-type.application";
		};
/* End PBXNativeTarget section */

/* Begin PBXProject section */
		6949A4812789821700696E6A /* Project object */ = {
			isa = PBXProject;
			attributes = {
				BuildIndependentTargetsInParallel = 1;
				LastSwiftUpdateCheck = 1300;
				LastUpgradeCheck = 1300;
				TargetAttributes = {
					6949A4882789821700696E6A = {
						CreatedOnToolsVersion = 13.0;
					};
				};
			};
			buildConfigurationList = 6949A4842789821700696E6A /* Build configuration list for PBXProject "CollectionViewDemo" */;
			compatibilityVersion = "Xcode 13.0";
			developmentRegion = en;
			hasScannedForEncodings = 0;
			knownRegions = (
				en,
				Base,
			);
			mainGroup = 6949A4802789821700696E6A;
			productRefGroup = 6949A48A2789821700696E6A /* Products */;
			projectDirPath = "";
			projectRoot = "";
			targets = (
				6949A4882789821700696E6A /* CollectionViewDemo */,
			);
		};
/* End PBXProject section */

/* Begin PBXResourcesBuildPhase section */
		6949A4872789821700696E6A /* Resources */ = {
			isa = PBXResourcesBuildPhase;
			buildActionMask = 2147483647;
			files = (
				69F33AF8278D3B3C00461105 /* Instagram_Exlore_new.png in Resources */,
				69F33AF4278D3B3C00461105 /* Default_UICollectionView.png in Resources */,
				6949A4992789821900696E6A /* LaunchScreen.storyboard in Resources */,
				69F33AF6278D3B3C00461105 /* Instagram_Explore.png in Resources */,
				6949A4962789821900696E6A /* Assets.xcassets in Resources */,
				69F33AF7278D3B3C00461105 /* Default.png in Resources */,
				69F33AF5278D3B3C00461105 /* Instagram_Explore_.png in Resources */,
				6949A4942789821700696E6A /* Main.storyboard in Resources */,
			);
			runOnlyForDeploymentPostprocessing = 0;
		};
/* End PBXResourcesBuildPhase section */

/* Begin PBXSourcesBuildPhase section */
		6949A4852789821700696E6A /* Sources */ = {
			isa = PBXSourcesBuildPhase;
			buildActionMask = 2147483647;
			files = (
				69E18604278ACC7D004E5267 /* OldExploreViewController.swift in Sources */,
				6949A4912789821700696E6A /* ViewController.swift in Sources */,
				69E18601278AC978004E5267 /* NewExploreViewController.swift in Sources */,
				6949A48D2789821700696E6A /* AppDelegate.swift in Sources */,
				6949A48F2789821700696E6A /* SceneDelegate.swift in Sources */,
			);
			runOnlyForDeploymentPostprocessing = 0;
		};
/* End PBXSourcesBuildPhase section */

/* Begin PBXVariantGroup section */
		6949A4922789821700696E6A /* Main.storyboard */ = {
			isa = PBXVariantGroup;
			children = (
				6949A4932789821700696E6A /* Base */,
			);
			name = Main.storyboard;
			sourceTree = "<group>";
		};
		6949A4972789821900696E6A /* LaunchScreen.storyboard */ = {
			isa = PBXVariantGroup;
			children = (
				6949A4982789821900696E6A /* Base */,
			);
			name = LaunchScreen.storyboard;
			sourceTree = "<group>";
		};
/* End PBXVariantGroup section */

/* Begin XCBuildConfiguration section */
		6949A49B2789821900696E6A /* Debug */ = {
			isa = XCBuildConfiguration;
			buildSettings = {
				ALWAYS_SEARCH_USER_PATHS = NO;
				CLANG_ANALYZER_NONNULL = YES;
				CLANG_ANALYZER_NUMBER_OBJECT_CONVERSION = YES_AGGRESSIVE;
				CLANG_CXX_LANGUAGE_STANDARD = "gnu++17";
				CLANG_CXX_LIBRARY = "libc++";
				CLANG_ENABLE_MODULES = YES;
				CLANG_ENABLE_OBJC_ARC = YES;
				CLANG_ENABLE_OBJC_WEAK = YES;
				CLANG_WARN_BLOCK_CAPTURE_AUTORELEASING = YES;
				CLANG_WARN_BOOL_CONVERSION = YES;
				CLANG_WARN_COMMA = YES;
				CLANG_WARN_CONSTANT_CONVERSION = YES;
				CLANG_WARN_DEPRECATED_OBJC_IMPLEMENTATIONS = YES;
				CLANG_WARN_DIRECT_OBJC_ISA_USAGE = YES_ERROR;
				CLANG_WARN_DOCUMENTATION_COMMENTS = YES;
				CLANG_WARN_EMPTY_BODY = YES;
				CLANG_WARN_ENUM_CONVERSION = YES;
				CLANG_WARN_INFINITE_RECURSION = YES;
				CLANG_WARN_INT_CONVERSION = YES;
				CLANG_WARN_NON_LITERAL_NULL_CONVERSION = YES;
				CLANG_WARN_OBJC_IMPLICIT_RETAIN_SELF = YES;
				CLANG_WARN_OBJC_LITERAL_CONVERSION = YES;
				CLANG_WARN_OBJC_ROOT_CLASS = YES_ERROR;
				CLANG_WARN_QUOTED_INCLUDE_IN_FRAMEWORK_HEADER = YES;
				CLANG_WARN_RANGE_LOOP_ANALYSIS = YES;
				CLANG_WARN_STRICT_PROTOTYPES = YES;
				CLANG_WARN_SUSPICIOUS_MOVE = YES;
				CLANG_WARN_UNGUARDED_AVAILABILITY = YES_AGGRESSIVE;
				CLANG_WARN_UNREACHABLE_CODE = YES;
				CLANG_WARN__DUPLICATE_METHOD_MATCH = YES;
				COPY_PHASE_STRIP = NO;
				DEBUG_INFORMATION_FORMAT = dwarf;
				ENABLE_STRICT_OBJC_MSGSEND = YES;
				ENABLE_TESTABILITY = YES;
				GCC_C_LANGUAGE_STANDARD = gnu11;
				GCC_DYNAMIC_NO_PIC = NO;
				GCC_NO_COMMON_BLOCKS = YES;
				GCC_OPTIMIZATION_LEVEL = 0;
				GCC_PREPROCESSOR_DEFINITIONS = (
					"DEBUG=1",
					"$(inherited)",
				);
				GCC_WARN_64_TO_32_BIT_CONVERSION = YES;
				GCC_WARN_ABOUT_RETURN_TYPE = YES_ERROR;
				GCC_WARN_UNDECLARED_SELECTOR = YES;
				GCC_WARN_UNINITIALIZED_AUTOS = YES_AGGRESSIVE;
				GCC_WARN_UNUSED_FUNCTION = YES;
				GCC_WARN_UNUSED_VARIABLE = YES;
				IPHONEOS_DEPLOYMENT_TARGET = 15.0;
				MTL_ENABLE_DEBUG_INFO = INCLUDE_SOURCE;
				MTL_FAST_MATH = YES;
				ONLY_ACTIVE_ARCH = YES;
				SDKROOT = iphoneos;
				SWIFT_ACTIVE_COMPILATION_CONDITIONS = DEBUG;
				SWIFT_OPTIMIZATION_LEVEL = "-Onone";
			};
			name = Debug;
		};
		6949A49C2789821900696E6A /* Release */ = {
			isa = XCBuildConfiguration;
			buildSettings = {
				ALWAYS_SEARCH_USER_PATHS = NO;
				CLANG_ANALYZER_NONNULL = YES;
				CLANG_ANALYZER_NUMBER_OBJECT_CONVERSION = YES_AGGRESSIVE;
				CLANG_CXX_LANGUAGE_STANDARD = "gnu++17";
				CLANG_CXX_LIBRARY = "libc++";
				CLANG_ENABLE_MODULES = YES;
				CLANG_ENABLE_OBJC_ARC = YES;
				CLANG_ENABLE_OBJC_WEAK = YES;
				CLANG_WARN_BLOCK_CAPTURE_AUTORELEASING = YES;
				CLANG_WARN_BOOL_CONVERSION = YES;
				CLANG_WARN_COMMA = YES;
				CLANG_WARN_CONSTANT_CONVERSION = YES;
				CLANG_WARN_DEPRECATED_OBJC_IMPLEMENTATIONS = YES;
				CLANG_WARN_DIRECT_OBJC_ISA_USAGE = YES_ERROR;
				CLANG_WARN_DOCUMENTATION_COMMENTS = YES;
				CLANG_WARN_EMPTY_BODY = YES;
				CLANG_WARN_ENUM_CONVERSION = YES;
				CLANG_WARN_INFINITE_RECURSION = YES;
				CLANG_WARN_INT_CONVERSION = YES;
				CLANG_WARN_NON_LITERAL_NULL_CONVERSION = YES;
				CLANG_WARN_OBJC_IMPLICIT_RETAIN_SELF = YES;
				CLANG_WARN_OBJC_LITERAL_CONVERSION = YES;
				CLANG_WARN_OBJC_ROOT_CLASS = YES_ERROR;
				CLANG_WARN_QUOTED_INCLUDE_IN_FRAMEWORK_HEADER = YES;
				CLANG_WARN_RANGE_LOOP_ANALYSIS = YES;
				CLANG_WARN_STRICT_PROTOTYPES = YES;
				CLANG_WARN_SUSPICIOUS_MOVE = YES;
				CLANG_WARN_UNGUARDED_AVAILABILITY = YES_AGGRESSIVE;
				CLANG_WARN_UNREACHABLE_CODE = YES;
				CLANG_WARN__DUPLICATE_METHOD_MATCH = YES;
				COPY_PHASE_STRIP = NO;
				DEBUG_INFORMATION_FORMAT = "dwarf-with-dsym";
				ENABLE_NS_ASSERTIONS = NO;
				ENABLE_STRICT_OBJC_MSGSEND = YES;
				GCC_C_LANGUAGE_STANDARD = gnu11;
				GCC_NO_COMMON_BLOCKS = YES;
				GCC_WARN_64_TO_32_BIT_CONVERSION = YES;
				GCC_WARN_ABOUT_RETURN_TYPE = YES_ERROR;
				GCC_WARN_UNDECLARED_SELECTOR = YES;
				GCC_WARN_UNINITIALIZED_AUTOS = YES_AGGRESSIVE;
				GCC_WARN_UNUSED_FUNCTION = YES;
				GCC_WARN_UNUSED_VARIABLE = YES;
				IPHONEOS_DEPLOYMENT_TARGET = 15.0;
				MTL_ENABLE_DEBUG_INFO = NO;
				MTL_FAST_MATH = YES;
				SDKROOT = iphoneos;
				SWIFT_COMPILATION_MODE = wholemodule;
				SWIFT_OPTIMIZATION_LEVEL = "-O";
				VALIDATE_PRODUCT = YES;
			};
			name = Release;
		};
		6949A49E2789821900696E6A /* Debug */ = {
			isa = XCBuildConfiguration;
			buildSettings = {
				ASSETCATALOG_COMPILER_APPICON_NAME = AppIcon;
				ASSETCATALOG_COMPILER_GLOBAL_ACCENT_COLOR_NAME = AccentColor;
				CODE_SIGN_STYLE = Automatic;
				CURRENT_PROJECT_VERSION = 1;
				GENERATE_INFOPLIST_FILE = YES;
				INFOPLIST_FILE = CollectionViewDemo/Info.plist;
				INFOPLIST_KEY_UIApplicationSupportsIndirectInputEvents = YES;
				INFOPLIST_KEY_UILaunchStoryboardName = LaunchScreen;
				INFOPLIST_KEY_UIMainStoryboardFile = Main;
				INFOPLIST_KEY_UISupportedInterfaceOrientations_iPad = "UIInterfaceOrientationPortrait UIInterfaceOrientationPortraitUpsideDown UIInterfaceOrientationLandscapeLeft UIInterfaceOrientationLandscapeRight";
				INFOPLIST_KEY_UISupportedInterfaceOrientations_iPhone = "UIInterfaceOrientationPortrait UIInterfaceOrientationLandscapeLeft UIInterfaceOrientationLandscapeRight";
				LD_RUNPATH_SEARCH_PATHS = (
					"$(inherited)",
					"@executable_path/Frameworks",
				);
				MARKETING_VERSION = 1.0;
				PRODUCT_BUNDLE_IDENTIFIER = coom.CollectionViewDemo;
				PRODUCT_NAME = "$(TARGET_NAME)";
				SWIFT_EMIT_LOC_STRINGS = YES;
				SWIFT_VERSION = 5.0;
				TARGETED_DEVICE_FAMILY = "1,2";
			};
			name = Debug;
		};
		6949A49F2789821900696E6A /* Release */ = {
			isa = XCBuildConfiguration;
			buildSettings = {
				ASSETCATALOG_COMPILER_APPICON_NAME = AppIcon;
				ASSETCATALOG_COMPILER_GLOBAL_ACCENT_COLOR_NAME = AccentColor;
				CODE_SIGN_STYLE = Automatic;
				CURRENT_PROJECT_VERSION = 1;
				GENERATE_INFOPLIST_FILE = YES;
				INFOPLIST_FILE = CollectionViewDemo/Info.plist;
				INFOPLIST_KEY_UIApplicationSupportsIndirectInputEvents = YES;
				INFOPLIST_KEY_UILaunchStoryboardName = LaunchScreen;
				INFOPLIST_KEY_UIMainStoryboardFile = Main;
				INFOPLIST_KEY_UISupportedInterfaceOrientations_iPad = "UIInterfaceOrientationPortrait UIInterfaceOrientationPortraitUpsideDown UIInterfaceOrientationLandscapeLeft UIInterfaceOrientationLandscapeRight";
				INFOPLIST_KEY_UISupportedInterfaceOrientations_iPhone = "UIInterfaceOrientationPortrait UIInterfaceOrientationLandscapeLeft UIInterfaceOrientationLandscapeRight";
				LD_RUNPATH_SEARCH_PATHS = (
					"$(inherited)",
					"@executable_path/Frameworks",
				);
				MARKETING_VERSION = 1.0;
				PRODUCT_BUNDLE_IDENTIFIER = coom.CollectionViewDemo;
				PRODUCT_NAME = "$(TARGET_NAME)";
				SWIFT_EMIT_LOC_STRINGS = YES;
				SWIFT_VERSION = 5.0;
				TARGETED_DEVICE_FAMILY = "1,2";
			};
			name = Release;
		};
/* End XCBuildConfiguration section */

/* Begin XCConfigurationList section */
		6949A4842789821700696E6A /* Build configuration list for PBXProject "CollectionViewDemo" */ = {
			isa = XCConfigurationList;
			buildConfigurations = (
				6949A49B2789821900696E6A /* Debug */,
				6949A49C2789821900696E6A /* Release */,
			);
			defaultConfigurationIsVisible = 0;
			defaultConfigurationName = Release;
		};
		6949A49D2789821900696E6A /* Build configuration list for PBXNativeTarget "CollectionViewDemo" */ = {
			isa = XCConfigurationList;
			buildConfigurations = (
				6949A49E2789821900696E6A /* Debug */,
				6949A49F2789821900696E6A /* Release */,
			);
			defaultConfigurationIsVisible = 0;
			defaultConfigurationName = Release;
		};
/* End XCConfigurationList section */
	};
	rootObject = 6949A4812789821700696E6A /* Project object */;
}
